schema: '2.0'
stages:
  data_processing:
    cmd: python -m src.pipeline.data_engineering
    deps:
    - path: data/raw/bottle.tar.xz
      hash: md5
      md5: 79b4d46b8647d969e323afef8d8445ff
      size: 155880244
    - path: src/pipeline/data_engineering.py
      hash: md5
      md5: 0f501b92c45c0f72162e954221387ddb
      size: 4738
    outs:
    - path: data/interim/images
      hash: md5
      md5: afec8aee7c763cd749e7b7505e0ca36f.dir
      size: 43775518
      nfiles: 63
    - path: data/interim/labels
      hash: md5
      md5: 0039c2630faa4e6ab55c4e6adbe0fb74.dir
      size: 2521
      nfiles: 63
  model_training:
    cmd: python -m src.pipeline.model_training
    deps:
    - path: data/interim/images
      hash: md5
      md5: afec8aee7c763cd749e7b7505e0ca36f.dir
      size: 43775518
      nfiles: 63
    - path: data/interim/labels
      hash: md5
      md5: 0039c2630faa4e6ab55c4e6adbe0fb74.dir
      size: 2521
      nfiles: 63
    - path: src/pipeline/model_training.py
      hash: md5
      md5: 578fcebf2c70f998b88ad25562767acb
      size: 3153
    params:
      params.yaml:
        train.batch: 16
        train.epochs: 80
        train.imgsz: 640
        train.model_name: yolov8m-seg.pt
        train.patience: 50
        train.split_ratio: 0.8
    outs:
    - path: artifacts/models
      hash: md5
      md5: dc66555c7a034c3eb50aea82f491def7.dir
      size: 109675968
      nfiles: 4
